# This file is generated by running "yarn install" inside your project.
# Manual changes might be lost - proceed with caution!

__metadata:
  version: 6
  cacheKey: 8

"@types/node@npm:^18.11.10":
  version: 18.11.10
  resolution: "@types/node@npm:18.11.10"
  checksum: 0f60cb090b2ee91fcd3dc4311bc1ed7889b92f14644c0069f100776f86474c12eebbcc6c75bc0d7d96b975a103b4d5d6b3c22b4e88bea6e7f4e2b1bb0daf5ea8
  languageName: node
  linkType: hard

"arv@workspace:.":
  version: 0.0.0-use.local
  resolution: "arv@workspace:."
  dependencies:
    "@types/node": ^18.11.10
    chalk: ^5.1.2
    chatgpt: ^0.4.1
    commander: ^9.4.1
    dotenv: ^16.0.3
    node-fetch: ^3.3.0
    omelette: ^0.4.17
    typescript: ^4.9.3
  languageName: unknown
  linkType: soft

"chalk@npm:^5.1.2":
  version: 5.1.2
  resolution: "chalk@npm:5.1.2"
  checksum: 804d7485e33531abe45b14e91026ceb5615974a8c04259ab0806f214a7666f6ea03e39ab124f7d5a0c78a83fda89005f236db3c5f10c2abe9ae875f7aa56bcb5
  languageName: node
  linkType: hard

"chatgpt@npm:^0.4.1":
  version: 0.4.1
  resolution: "chatgpt@npm:0.4.1"
  dependencies:
    html-to-md: "npm:@fisch0920/html-to-md@^0.8.1"
    playwright: ^1.28.1
  checksum: 5e1babfef99854d3563b237e93f921079982f2bca6f856b44edaeb41a6e4fe1f9463efc73093f9e4cd2ab0b90556e390143ae8d14d3a7b07da895e4d61451952
  languageName: node
  linkType: hard

"commander@npm:^9.4.1":
  version: 9.4.1
  resolution: "commander@npm:9.4.1"
  checksum: bfb18e325a5bdf772763c2213d5c7d9e77144d944124e988bcd8e5e65fb6d45d5d4e86b09155d0f2556c9a59c31e428720e57968bcd050b2306e910a0bf3cf13
  languageName: node
  linkType: hard

"data-uri-to-buffer@npm:^4.0.0":
  version: 4.0.0
  resolution: "data-uri-to-buffer@npm:4.0.0"
  checksum: a010653869abe8bb51259432894ac62c52bf79ad761d418d94396f48c346f2ae739c46b254e8bb5987bded8a653d467db1968db3a69bab1d33aa5567baa5cfc7
  languageName: node
  linkType: hard

"dotenv@npm:^16.0.3":
  version: 16.0.3
  resolution: "dotenv@npm:16.0.3"
  checksum: afcf03f373d7a6d62c7e9afea6328e62851d627a4e73f2e12d0a8deae1cd375892004f3021883f8aec85932cd2834b091f568ced92b4774625b321db83b827f8
  languageName: node
  linkType: hard

"fetch-blob@npm:^3.1.2, fetch-blob@npm:^3.1.4":
  version: 3.2.0
  resolution: "fetch-blob@npm:3.2.0"
  dependencies:
    node-domexception: ^1.0.0
    web-streams-polyfill: ^3.0.3
  checksum: f19bc28a2a0b9626e69fd7cf3a05798706db7f6c7548da657cbf5026a570945f5eeaedff52007ea35c8bcd3d237c58a20bf1543bc568ab2422411d762dd3d5bf
  languageName: node
  linkType: hard

"formdata-polyfill@npm:^4.0.10":
  version: 4.0.10
  resolution: "formdata-polyfill@npm:4.0.10"
  dependencies:
    fetch-blob: ^3.1.2
  checksum: 82a34df292afadd82b43d4a740ce387bc08541e0a534358425193017bf9fb3567875dc5f69564984b1da979979b70703aa73dee715a17b6c229752ae736dd9db
  languageName: node
  linkType: hard

"html-to-md@npm:@fisch0920/html-to-md@^0.8.1":
  version: 0.8.1
  resolution: "@fisch0920/html-to-md@npm:0.8.1"
  checksum: ff1c121aa8cfb25ba6b1b3114d7c420dce44a7088e8234c6fae9c602b7b056a9087a929b54b9e642d56ae7d1c75a37f9a1302c81a7f9c47e9efdf653f82a9169
  languageName: node
  linkType: hard

"node-domexception@npm:^1.0.0":
  version: 1.0.0
  resolution: "node-domexception@npm:1.0.0"
  checksum: ee1d37dd2a4eb26a8a92cd6b64dfc29caec72bff5e1ed9aba80c294f57a31ba4895a60fd48347cf17dd6e766da0ae87d75657dfd1f384ebfa60462c2283f5c7f
  languageName: node
  linkType: hard

"node-fetch@npm:^3.3.0":
  version: 3.3.0
  resolution: "node-fetch@npm:3.3.0"
  dependencies:
    data-uri-to-buffer: ^4.0.0
    fetch-blob: ^3.1.4
    formdata-polyfill: ^4.0.10
  checksum: e9936908d2783d3c48a038e187f8062de294d75ef43ec8ab812d7cbd682be2b67605868758d2e9cad6103706dcfe4a9d21d78f6df984e8edf10e7a5ce2e665f8
  languageName: node
  linkType: hard

"omelette@npm:^0.4.17":
  version: 0.4.17
  resolution: "omelette@npm:0.4.17"
  checksum: 2ee00e88e6c78059fefabe65bb3f76d6d830696271f76dfd60de0af5c274c6472254e379d4324b6b20c2628a77232197fd999a0c7f7af4c0d077dfd046ed3d3f
  languageName: node
  linkType: hard

"playwright-core@npm:1.28.1":
  version: 1.28.1
  resolution: "playwright-core@npm:1.28.1"
  bin:
    playwright: cli.js
  checksum: 8899e0d65de43ee10fadc171e0d48cd514bb574f3505478700094afa8a6e0dcd888a5c87af22acf31ebad455ada1327028909c42e20b8e25908b6255dc143bf0
  languageName: node
  linkType: hard

"playwright@npm:^1.28.1":
  version: 1.28.1
  resolution: "playwright@npm:1.28.1"
  dependencies:
    playwright-core: 1.28.1
  bin:
    playwright: cli.js
  checksum: 97c6fff2835878da856bf1f587ec4cdcbcc9aa61c0efcf592633f6df37eabbb9e59d7a2ef994ec9283338e43ef80e278d6d52fed5f7c29abd0408fac0f69b3ca
  languageName: node
  linkType: hard

"typescript@npm:^4.9.3":
  version: 4.9.3
  resolution: "typescript@npm:4.9.3"
  bin:
    tsc: bin/tsc
    tsserver: bin/tsserver
  checksum: 17b8f816050b412403e38d48eef0e893deb6be522d6dc7caf105e54a72e34daf6835c447735fd2b28b66784e72bfbf87f627abb4818a8e43d1fa8106396128dc
  languageName: node
  linkType: hard

"typescript@patch:typescript@^4.9.3#~builtin<compat/typescript>":
  version: 4.9.3
  resolution: "typescript@patch:typescript@npm%3A4.9.3#~builtin<compat/typescript>::version=4.9.3&hash=d73830"
  bin:
    tsc: bin/tsc
    tsserver: bin/tsserver
  checksum: 67ca21a387c0572f1c04936e638dde7782c5aa520c3754aadc7cc9b7c915da9ebc3e27c601bfff4ccb7d7264e82dce6d277ada82ec09dc75024349e0ef64926d
  languageName: node
  linkType: hard

"web-streams-polyfill@npm:^3.0.3":
  version: 3.2.1
  resolution: "web-streams-polyfill@npm:3.2.1"
  checksum: b119c78574b6d65935e35098c2afdcd752b84268e18746606af149e3c424e15621b6f1ff0b42b2676dc012fc4f0d313f964b41a4b5031e525faa03997457da02
  languageName: node
  linkType: hard
